
Microsoft Visual Studio Solution File, Format Version 12.00
# Visual Studio 14
VisualStudioVersion = 14.0.25420.1
MinimumVisualStudioVersion = 10.0.40219.1
Project("{8BB2217D-0F2D-49D1-97BC-3654ED321F3B}") = "GeekLearning.Commander", "src\GeekLearning.Commander\GeekLearning.Commander.xproj", "{A53E6C13-BBD1-4DA0-9F1B-EB2D41CF7C29}"
EndProject
Project("{8BB2217D-0F2D-49D1-97BC-3654ED321F3B}") = "GeekLearning.Commander.Test", "tests\GeekLearning.Commander.Test\GeekLearning.Commander.Test.xproj", "{BBAC71CD-3FDD-4E5E-BF23-9AD0FAA5A99D}"
EndProject
Project("{2150E333-8FDC-42A3-9474-1A3956D46DE8}") = "Solution Items", "Solution Items", "{DA3A5AF2-EE4C-49AA-B487-F72664202798}"
	ProjectSection(SolutionItems) = preProject
		global.json = global.json
		README.md = README.md
	EndProjectSection
EndProject
Global
	GlobalSection(SolutionConfigurationPlatforms) = preSolution
		Debug|Any CPU = Debug|Any CPU
		Release|Any CPU = Release|Any CPU
	EndGlobalSection
	GlobalSection(ProjectConfigurationPlatforms) = postSolution
		{A53E6C13-BBD1-4DA0-9F1B-EB2D41CF7C29}.Debug|Any CPU.ActiveCfg = Debug|Any CPU
		{A53E6C13-BBD1-4DA0-9F1B-EB2D41CF7C29}.Debug|Any CPU.Build.0 = Debug|Any CPU
		{A53E6C13-BBD1-4DA0-9F1B-EB2D41CF7C29}.Release|Any CPU.ActiveCfg = Release|Any CPU
		{A53E6C13-BBD1-4DA0-9F1B-EB2D41CF7C29}.Release|Any CPU.Build.0 = Release|Any CPU
		{BBAC71CD-3FDD-4E5E-BF23-9AD0FAA5A99D}.Debug|Any CPU.ActiveCfg = Debug|Any CPU
		{BBAC71CD-3FDD-4E5E-BF23-9AD0FAA5A99D}.Debug|Any CPU.Build.0 = Debug|Any CPU
		{BBAC71CD-3FDD-4E5E-BF23-9AD0FAA5A99D}.Release|Any CPU.ActiveCfg = Release|Any CPU
		{BBAC71CD-3FDD-4E5E-BF23-9AD0FAA5A99D}.Release|Any CPU.Build.0 = Release|Any CPU
	EndGlobalSection
	GlobalSection(SolutionProperties) = preSolution
		HideSolutionNode = FALSE
	EndGlobalSection
	GlobalSection(NestedProjects) = preSolution
		{A53E6C13-BBD1-4DA0-9F1B-EB2D41CF7C29} = {DA3A5AF2-EE4C-49AA-B487-F72664202798}
	EndGlobalSection
EndGlobal
